
Microsoft Visual Studio Solution File, Format Version 12.00
# Visual Studio Version 16
VisualStudioVersion = 16.0.29215.179
MinimumVisualStudioVersion = 10.0.40219.1
Project("{FAE04EC0-301F-11D3-BF4B-00C04F79EFBC}") = "lib", "..\lib\lib.csproj", "{BD11EBB4-B949-481C-BDD8-D9D79C866770}"
EndProject
Project("{FAE04EC0-301F-11D3-BF4B-00C04F79EFBC}") = "Gofra", "..\mvc\Gofra.csproj", "{07E36806-3BE5-4559-BC02-0F9641A35B2E}"
EndProject
Project("{FAE04EC0-301F-11D3-BF4B-00C04F79EFBC}") = "weblib", "..\weblib\weblib.csproj", "{7A934BAA-493B-4CB3-AAA6-748693DF9542}"
EndProject
Project("{00D1A9C2-B5F0-4AF3-8072-F6C62B433612}") = "Database", "..\DataBase\Database.sqlproj", "{6380B0DC-3728-4BAC-A94B-171BDB48153B}"
EndProject
Project("{2150E333-8FDC-42A3-9474-1A3956D46DE8}") = "Controls", "Controls", "{B6859A1B-173F-4FBD-A95B-A1FC9514D44A}"
EndProject
Project("{FAE04EC0-301F-11D3-BF4B-00C04F79EFBC}") = "Input", "..\Controls\Input\Input.csproj", "{59E4E702-546F-4124-9C8D-824EC931EF32}"
EndProject
Project("{FAE04EC0-301F-11D3-BF4B-00C04F79EFBC}") = "Select", "..\Controls\Select\Select.csproj", "{85A2E810-1A96-42C8-843E-24B346E2D78D}"
EndProject
Project("{FAE04EC0-301F-11D3-BF4B-00C04F79EFBC}") = "CheckBox", "..\Controls\CheckBox\CheckBox.csproj", "{3A5E6344-AB48-4A98-9F26-C1D116B071E1}"
EndProject
Project("{FAE04EC0-301F-11D3-BF4B-00C04F79EFBC}") = "Link", "..\Controls\Link\Link.csproj", "{6BCF883D-77DA-4FEC-90E4-F6060D702C6F}"
EndProject
Project("{FAE04EC0-301F-11D3-BF4B-00C04F79EFBC}") = "MultyCheck", "..\Controls\MultyCheck\MultyCheck.csproj", "{CC772CE6-A2E2-4B1B-889F-B4616E1FCB72}"
EndProject
Project("{FAE04EC0-301F-11D3-BF4B-00C04F79EFBC}") = "NumberRange", "..\Controls\NumberRange\NumberRange.csproj", "{80EBD00F-ADFB-4AA6-AD02-BF42435056D1}"
EndProject
Project("{FAE04EC0-301F-11D3-BF4B-00C04F79EFBC}") = "DateRange", "..\Controls\DateRange\DateRange.csproj", "{1F7CBB8A-3057-4FB7-A166-21E083A698CA}"
EndProject
Project("{FAE04EC0-301F-11D3-BF4B-00C04F79EFBC}") = "Image", "..\Controls\Image\Image.csproj", "{3632E454-82AB-4B5A-8C25-72E5407234A4}"
EndProject
Project("{FAE04EC0-301F-11D3-BF4B-00C04F79EFBC}") = "GofraLib", "..\GofraLib\GofraLib.csproj", "{5844F794-6D18-41B4-8D06-6985620A4AB4}"
EndProject
Project("{FAE04EC0-301F-11D3-BF4B-00C04F79EFBC}") = "Gofraweblib", "..\Gofraweblib\Gofraweblib.csproj", "{934B3DD1-8F25-4D36-A5C1-88130B1C7A00}"
EndProject
Project("{FAE04EC0-301F-11D3-BF4B-00C04F79EFBC}") = "File", "..\Controls\File\File.csproj", "{2A0BBA7B-F3B7-45CF-B5BB-D1DE2CD048CC}"
EndProject
Project("{FAE04EC0-301F-11D3-BF4B-00C04F79EFBC}") = "Translations", "..\Translations\Translations.csproj", "{64F4E1B8-50F6-429A-81C1-DD47D8C4FB65}"
EndProject
Project("{2150E333-8FDC-42A3-9474-1A3956D46DE8}") = "Libraries", "Libraries", "{AE68DF14-136E-42A8-9FA9-E215B82E580A}"
EndProject
Project("{2150E333-8FDC-42A3-9474-1A3956D46DE8}") = "Base", "Base", "{B3BC35FF-BA24-4329-90E2-3B446240E8ED}"
EndProject
Project("{2150E333-8FDC-42A3-9474-1A3956D46DE8}") = "Custom", "Custom", "{00786F63-20F4-4D0D-961C-723AF2005607}"
EndProject
Global
	GlobalSection(SolutionConfigurationPlatforms) = preSolution
		Debug|Any CPU = Debug|Any CPU
		Release|Any CPU = Release|Any CPU
	EndGlobalSection
	GlobalSection(ProjectConfigurationPlatforms) = postSolution
		{BD11EBB4-B949-481C-BDD8-D9D79C866770}.Debug|Any CPU.ActiveCfg = Debug|Any CPU
		{BD11EBB4-B949-481C-BDD8-D9D79C866770}.Debug|Any CPU.Build.0 = Debug|Any CPU
		{BD11EBB4-B949-481C-BDD8-D9D79C866770}.Release|Any CPU.ActiveCfg = Release|Any CPU
		{BD11EBB4-B949-481C-BDD8-D9D79C866770}.Release|Any CPU.Build.0 = Release|Any CPU
		{07E36806-3BE5-4559-BC02-0F9641A35B2E}.Debug|Any CPU.ActiveCfg = Debug|Any CPU
		{07E36806-3BE5-4559-BC02-0F9641A35B2E}.Debug|Any CPU.Build.0 = Debug|Any CPU
		{07E36806-3BE5-4559-BC02-0F9641A35B2E}.Release|Any CPU.ActiveCfg = Release|Any CPU
		{07E36806-3BE5-4559-BC02-0F9641A35B2E}.Release|Any CPU.Build.0 = Release|Any CPU
		{7A934BAA-493B-4CB3-AAA6-748693DF9542}.Debug|Any CPU.ActiveCfg = Debug|Any CPU
		{7A934BAA-493B-4CB3-AAA6-748693DF9542}.Debug|Any CPU.Build.0 = Debug|Any CPU
		{7A934BAA-493B-4CB3-AAA6-748693DF9542}.Release|Any CPU.ActiveCfg = Release|Any CPU
		{7A934BAA-493B-4CB3-AAA6-748693DF9542}.Release|Any CPU.Build.0 = Release|Any CPU
		{6380B0DC-3728-4BAC-A94B-171BDB48153B}.Debug|Any CPU.ActiveCfg = Debug|Any CPU
		{6380B0DC-3728-4BAC-A94B-171BDB48153B}.Debug|Any CPU.Build.0 = Debug|Any CPU
		{6380B0DC-3728-4BAC-A94B-171BDB48153B}.Debug|Any CPU.Deploy.0 = Debug|Any CPU
		{6380B0DC-3728-4BAC-A94B-171BDB48153B}.Release|Any CPU.ActiveCfg = Release|Any CPU
		{6380B0DC-3728-4BAC-A94B-171BDB48153B}.Release|Any CPU.Build.0 = Release|Any CPU
		{6380B0DC-3728-4BAC-A94B-171BDB48153B}.Release|Any CPU.Deploy.0 = Release|Any CPU
		{59E4E702-546F-4124-9C8D-824EC931EF32}.Debug|Any CPU.ActiveCfg = Debug|Any CPU
		{59E4E702-546F-4124-9C8D-824EC931EF32}.Debug|Any CPU.Build.0 = Debug|Any CPU
		{59E4E702-546F-4124-9C8D-824EC931EF32}.Release|Any CPU.ActiveCfg = Release|Any CPU
		{59E4E702-546F-4124-9C8D-824EC931EF32}.Release|Any CPU.Build.0 = Release|Any CPU
		{85A2E810-1A96-42C8-843E-24B346E2D78D}.Debug|Any CPU.ActiveCfg = Debug|Any CPU
		{85A2E810-1A96-42C8-843E-24B346E2D78D}.Debug|Any CPU.Build.0 = Debug|Any CPU
		{85A2E810-1A96-42C8-843E-24B346E2D78D}.Release|Any CPU.ActiveCfg = Release|Any CPU
		{85A2E810-1A96-42C8-843E-24B346E2D78D}.Release|Any CPU.Build.0 = Release|Any CPU
		{3A5E6344-AB48-4A98-9F26-C1D116B071E1}.Debug|Any CPU.ActiveCfg = Debug|Any CPU
		{3A5E6344-AB48-4A98-9F26-C1D116B071E1}.Debug|Any CPU.Build.0 = Debug|Any CPU
		{3A5E6344-AB48-4A98-9F26-C1D116B071E1}.Release|Any CPU.ActiveCfg = Release|Any CPU
		{3A5E6344-AB48-4A98-9F26-C1D116B071E1}.Release|Any CPU.Build.0 = Release|Any CPU
		{6BCF883D-77DA-4FEC-90E4-F6060D702C6F}.Debug|Any CPU.ActiveCfg = Debug|Any CPU
		{6BCF883D-77DA-4FEC-90E4-F6060D702C6F}.Debug|Any CPU.Build.0 = Debug|Any CPU
		{6BCF883D-77DA-4FEC-90E4-F6060D702C6F}.Release|Any CPU.ActiveCfg = Release|Any CPU
		{6BCF883D-77DA-4FEC-90E4-F6060D702C6F}.Release|Any CPU.Build.0 = Release|Any CPU
		{CC772CE6-A2E2-4B1B-889F-B4616E1FCB72}.Debug|Any CPU.ActiveCfg = Debug|Any CPU
		{CC772CE6-A2E2-4B1B-889F-B4616E1FCB72}.Debug|Any CPU.Build.0 = Debug|Any CPU
		{CC772CE6-A2E2-4B1B-889F-B4616E1FCB72}.Release|Any CPU.ActiveCfg = Release|Any CPU
		{CC772CE6-A2E2-4B1B-889F-B4616E1FCB72}.Release|Any CPU.Build.0 = Release|Any CPU
		{80EBD00F-ADFB-4AA6-AD02-BF42435056D1}.Debug|Any CPU.ActiveCfg = Debug|Any CPU
		{80EBD00F-ADFB-4AA6-AD02-BF42435056D1}.Debug|Any CPU.Build.0 = Debug|Any CPU
		{80EBD00F-ADFB-4AA6-AD02-BF42435056D1}.Release|Any CPU.ActiveCfg = Release|Any CPU
		{80EBD00F-ADFB-4AA6-AD02-BF42435056D1}.Release|Any CPU.Build.0 = Release|Any CPU
		{1F7CBB8A-3057-4FB7-A166-21E083A698CA}.Debug|Any CPU.ActiveCfg = Debug|Any CPU
		{1F7CBB8A-3057-4FB7-A166-21E083A698CA}.Debug|Any CPU.Build.0 = Debug|Any CPU
		{1F7CBB8A-3057-4FB7-A166-21E083A698CA}.Release|Any CPU.ActiveCfg = Release|Any CPU
		{1F7CBB8A-3057-4FB7-A166-21E083A698CA}.Release|Any CPU.Build.0 = Release|Any CPU
		{3632E454-82AB-4B5A-8C25-72E5407234A4}.Debug|Any CPU.ActiveCfg = Debug|Any CPU
		{3632E454-82AB-4B5A-8C25-72E5407234A4}.Debug|Any CPU.Build.0 = Debug|Any CPU
		{3632E454-82AB-4B5A-8C25-72E5407234A4}.Release|Any CPU.ActiveCfg = Release|Any CPU
		{3632E454-82AB-4B5A-8C25-72E5407234A4}.Release|Any CPU.Build.0 = Release|Any CPU
		{5844F794-6D18-41B4-8D06-6985620A4AB4}.Debug|Any CPU.ActiveCfg = Debug|Any CPU
		{5844F794-6D18-41B4-8D06-6985620A4AB4}.Debug|Any CPU.Build.0 = Debug|Any CPU
		{5844F794-6D18-41B4-8D06-6985620A4AB4}.Release|Any CPU.ActiveCfg = Release|Any CPU
		{5844F794-6D18-41B4-8D06-6985620A4AB4}.Release|Any CPU.Build.0 = Release|Any CPU
		{934B3DD1-8F25-4D36-A5C1-88130B1C7A00}.Debug|Any CPU.ActiveCfg = Debug|Any CPU
		{934B3DD1-8F25-4D36-A5C1-88130B1C7A00}.Debug|Any CPU.Build.0 = Debug|Any CPU
		{934B3DD1-8F25-4D36-A5C1-88130B1C7A00}.Release|Any CPU.ActiveCfg = Release|Any CPU
		{934B3DD1-8F25-4D36-A5C1-88130B1C7A00}.Release|Any CPU.Build.0 = Release|Any CPU
		{2A0BBA7B-F3B7-45CF-B5BB-D1DE2CD048CC}.Debug|Any CPU.ActiveCfg = Debug|Any CPU
		{2A0BBA7B-F3B7-45CF-B5BB-D1DE2CD048CC}.Debug|Any CPU.Build.0 = Debug|Any CPU
		{2A0BBA7B-F3B7-45CF-B5BB-D1DE2CD048CC}.Release|Any CPU.ActiveCfg = Release|Any CPU
		{2A0BBA7B-F3B7-45CF-B5BB-D1DE2CD048CC}.Release|Any CPU.Build.0 = Release|Any CPU
		{64F4E1B8-50F6-429A-81C1-DD47D8C4FB65}.Debug|Any CPU.ActiveCfg = Debug|Any CPU
		{64F4E1B8-50F6-429A-81C1-DD47D8C4FB65}.Debug|Any CPU.Build.0 = Debug|Any CPU
		{64F4E1B8-50F6-429A-81C1-DD47D8C4FB65}.Release|Any CPU.ActiveCfg = Release|Any CPU
		{64F4E1B8-50F6-429A-81C1-DD47D8C4FB65}.Release|Any CPU.Build.0 = Release|Any CPU
	EndGlobalSection
	GlobalSection(SolutionProperties) = preSolution
		HideSolutionNode = FALSE
	EndGlobalSection
	GlobalSection(NestedProjects) = preSolution
		{BD11EBB4-B949-481C-BDD8-D9D79C866770} = {B3BC35FF-BA24-4329-90E2-3B446240E8ED}
		{7A934BAA-493B-4CB3-AAA6-748693DF9542} = {B3BC35FF-BA24-4329-90E2-3B446240E8ED}
		{59E4E702-546F-4124-9C8D-824EC931EF32} = {B6859A1B-173F-4FBD-A95B-A1FC9514D44A}
		{85A2E810-1A96-42C8-843E-24B346E2D78D} = {B6859A1B-173F-4FBD-A95B-A1FC9514D44A}
		{3A5E6344-AB48-4A98-9F26-C1D116B071E1} = {B6859A1B-173F-4FBD-A95B-A1FC9514D44A}
		{6BCF883D-77DA-4FEC-90E4-F6060D702C6F} = {B6859A1B-173F-4FBD-A95B-A1FC9514D44A}
		{CC772CE6-A2E2-4B1B-889F-B4616E1FCB72} = {B6859A1B-173F-4FBD-A95B-A1FC9514D44A}
		{80EBD00F-ADFB-4AA6-AD02-BF42435056D1} = {B6859A1B-173F-4FBD-A95B-A1FC9514D44A}
		{1F7CBB8A-3057-4FB7-A166-21E083A698CA} = {B6859A1B-173F-4FBD-A95B-A1FC9514D44A}
		{3632E454-82AB-4B5A-8C25-72E5407234A4} = {B6859A1B-173F-4FBD-A95B-A1FC9514D44A}
		{5844F794-6D18-41B4-8D06-6985620A4AB4} = {00786F63-20F4-4D0D-961C-723AF2005607}
		{934B3DD1-8F25-4D36-A5C1-88130B1C7A00} = {00786F63-20F4-4D0D-961C-723AF2005607}
		{2A0BBA7B-F3B7-45CF-B5BB-D1DE2CD048CC} = {B6859A1B-173F-4FBD-A95B-A1FC9514D44A}
		{B3BC35FF-BA24-4329-90E2-3B446240E8ED} = {AE68DF14-136E-42A8-9FA9-E215B82E580A}
		{00786F63-20F4-4D0D-961C-723AF2005607} = {AE68DF14-136E-42A8-9FA9-E215B82E580A}
	EndGlobalSection
	GlobalSection(ExtensibilityGlobals) = postSolution
		SolutionGuid = {2B280D0F-0E15-4587-8C88-1A438E6824AB}
	EndGlobalSection
EndGlobal
